
Microsoft Visual Studio Solution File, Format Version 12.00
# Visual Studio Version 17
VisualStudioVersion = 17.0.31903.59
MinimumVisualStudioVersion = 10.0.40219.1
Project("{2150E333-8FDC-42A3-9474-1A3956D46DE8}") = "src", "src", "{41BDB3E4-408F-4CD1-A8F6-E06A081FDAFD}"
EndProject
Project("{FAE04EC0-301F-11D3-BF4B-00C04F79EFBC}") = "Booking.Application", "src\Booking.Application\Booking.Application.csproj", "{9E0B4D94-CE05-4C22-BB15-3D7A6C00678A}"
EndProject
Project("{FAE04EC0-301F-11D3-BF4B-00C04F79EFBC}") = "Booking.Core", "src\Booking.Core\Booking.Core.csproj", "{41B44B3A-3A11-4460-9ED3-E13290739889}"
EndProject
Project("{FAE04EC0-301F-11D3-BF4B-00C04F79EFBC}") = "Booking.Domain", "src\Booking.Domain\Booking.Domain.csproj", "{8FBF3CC1-E358-4399-AF3C-B2078C001B5D}"
EndProject
Project("{FAE04EC0-301F-11D3-BF4B-00C04F79EFBC}") = "Booking.Infrastructure", "src\Booking.Infrastructure\Booking.Infrastructure.csproj", "{A0FF01DE-B6FF-4508-9D7F-B17183AD16E2}"
EndProject
Project("{FAE04EC0-301F-11D3-BF4B-00C04F79EFBC}") = "Booking.Web", "src\Booking.Web\Booking.Web.csproj", "{E274E237-4E28-49C1-A2EC-4541046CFD42}"
EndProject
Project("{2150E333-8FDC-42A3-9474-1A3956D46DE8}") = "tests", "tests", "{AE0D0919-A0A8-49CB-B9C8-606FD7D98001}"
EndProject
Project("{FAE04EC0-301F-11D3-BF4B-00C04F79EFBC}") = "Booking.Tests.Contract", "tests\Booking.Tests.Contract\Booking.Tests.Contract.csproj", "{56960078-A895-47FF-9450-70EA7FF97EC6}"
EndProject
Project("{FAE04EC0-301F-11D3-BF4B-00C04F79EFBC}") = "Booking.Tests.EndToEnd", "tests\Booking.Tests.EndToEnd\Booking.Tests.EndToEnd.csproj", "{9DB90778-ECE5-4DA3-8220-36239B43073C}"
EndProject
Project("{FAE04EC0-301F-11D3-BF4B-00C04F79EFBC}") = "Booking.Tests.Integration", "tests\Booking.Tests.Integration\Booking.Tests.Integration.csproj", "{F4611813-C9E5-4B19-9BD1-8F4D099CD430}"
EndProject
Project("{FAE04EC0-301F-11D3-BF4B-00C04F79EFBC}") = "Booking.Tests.Subcutaneous", "tests\Booking.Tests.Subcutaneous\Booking.Tests.Subcutaneous.csproj", "{34F130F9-B9B9-41E0-9E26-BFED6B641BD1}"
EndProject
Project("{FAE04EC0-301F-11D3-BF4B-00C04F79EFBC}") = "Booking.Tests.Unit", "tests\Booking.Tests.Unit\Booking.Tests.Unit.csproj", "{F6E8145E-9333-43DD-B55E-4E4938C0B4D9}"
EndProject
Project("{2150E333-8FDC-42A3-9474-1A3956D46DE8}") = "utils", "utils", "{A78302EF-978A-4332-BA3D-F9F85AA58CD7}"
	ProjectSection(SolutionItems) = preProject
		Directory.Build.props = Directory.Build.props
		Directory.Packages.props = Directory.Packages.props
		docker-compose-dependencies.override.yaml = docker-compose-dependencies.override.yaml
		docker-compose-dependencies.yaml = docker-compose-dependencies.yaml
		docker-compose-external-config.override.yaml = docker-compose-external-config.override.yaml
		docker-compose-external-config.yaml = docker-compose-external-config.yaml
	EndProjectSection
EndProject
Global
	GlobalSection(SolutionConfigurationPlatforms) = preSolution
		Debug|Any CPU = Debug|Any CPU
		Release|Any CPU = Release|Any CPU
	EndGlobalSection
	GlobalSection(SolutionProperties) = preSolution
		HideSolutionNode = FALSE
	EndGlobalSection
	GlobalSection(ProjectConfigurationPlatforms) = postSolution
		{9E0B4D94-CE05-4C22-BB15-3D7A6C00678A}.Debug|Any CPU.ActiveCfg = Debug|Any CPU
		{9E0B4D94-CE05-4C22-BB15-3D7A6C00678A}.Debug|Any CPU.Build.0 = Debug|Any CPU
		{9E0B4D94-CE05-4C22-BB15-3D7A6C00678A}.Release|Any CPU.ActiveCfg = Release|Any CPU
		{9E0B4D94-CE05-4C22-BB15-3D7A6C00678A}.Release|Any CPU.Build.0 = Release|Any CPU
		{41B44B3A-3A11-4460-9ED3-E13290739889}.Debug|Any CPU.ActiveCfg = Debug|Any CPU
		{41B44B3A-3A11-4460-9ED3-E13290739889}.Debug|Any CPU.Build.0 = Debug|Any CPU
		{41B44B3A-3A11-4460-9ED3-E13290739889}.Release|Any CPU.ActiveCfg = Release|Any CPU
		{41B44B3A-3A11-4460-9ED3-E13290739889}.Release|Any CPU.Build.0 = Release|Any CPU
		{8FBF3CC1-E358-4399-AF3C-B2078C001B5D}.Debug|Any CPU.ActiveCfg = Debug|Any CPU
		{8FBF3CC1-E358-4399-AF3C-B2078C001B5D}.Debug|Any CPU.Build.0 = Debug|Any CPU
		{8FBF3CC1-E358-4399-AF3C-B2078C001B5D}.Release|Any CPU.ActiveCfg = Release|Any CPU
		{8FBF3CC1-E358-4399-AF3C-B2078C001B5D}.Release|Any CPU.Build.0 = Release|Any CPU
		{A0FF01DE-B6FF-4508-9D7F-B17183AD16E2}.Debug|Any CPU.ActiveCfg = Debug|Any CPU
		{A0FF01DE-B6FF-4508-9D7F-B17183AD16E2}.Debug|Any CPU.Build.0 = Debug|Any CPU
		{A0FF01DE-B6FF-4508-9D7F-B17183AD16E2}.Release|Any CPU.ActiveCfg = Release|Any CPU
		{A0FF01DE-B6FF-4508-9D7F-B17183AD16E2}.Release|Any CPU.Build.0 = Release|Any CPU
		{E274E237-4E28-49C1-A2EC-4541046CFD42}.Debug|Any CPU.ActiveCfg = Debug|Any CPU
		{E274E237-4E28-49C1-A2EC-4541046CFD42}.Debug|Any CPU.Build.0 = Debug|Any CPU
		{E274E237-4E28-49C1-A2EC-4541046CFD42}.Release|Any CPU.ActiveCfg = Release|Any CPU
		{E274E237-4E28-49C1-A2EC-4541046CFD42}.Release|Any CPU.Build.0 = Release|Any CPU
		{56960078-A895-47FF-9450-70EA7FF97EC6}.Debug|Any CPU.ActiveCfg = Debug|Any CPU
		{56960078-A895-47FF-9450-70EA7FF97EC6}.Debug|Any CPU.Build.0 = Debug|Any CPU
		{56960078-A895-47FF-9450-70EA7FF97EC6}.Release|Any CPU.ActiveCfg = Release|Any CPU
		{56960078-A895-47FF-9450-70EA7FF97EC6}.Release|Any CPU.Build.0 = Release|Any CPU
		{9DB90778-ECE5-4DA3-8220-36239B43073C}.Debug|Any CPU.ActiveCfg = Debug|Any CPU
		{9DB90778-ECE5-4DA3-8220-36239B43073C}.Debug|Any CPU.Build.0 = Debug|Any CPU
		{9DB90778-ECE5-4DA3-8220-36239B43073C}.Release|Any CPU.ActiveCfg = Release|Any CPU
		{9DB90778-ECE5-4DA3-8220-36239B43073C}.Release|Any CPU.Build.0 = Release|Any CPU
		{F4611813-C9E5-4B19-9BD1-8F4D099CD430}.Debug|Any CPU.ActiveCfg = Debug|Any CPU
		{F4611813-C9E5-4B19-9BD1-8F4D099CD430}.Debug|Any CPU.Build.0 = Debug|Any CPU
		{F4611813-C9E5-4B19-9BD1-8F4D099CD430}.Release|Any CPU.ActiveCfg = Release|Any CPU
		{F4611813-C9E5-4B19-9BD1-8F4D099CD430}.Release|Any CPU.Build.0 = Release|Any CPU
		{34F130F9-B9B9-41E0-9E26-BFED6B641BD1}.Debug|Any CPU.ActiveCfg = Debug|Any CPU
		{34F130F9-B9B9-41E0-9E26-BFED6B641BD1}.Debug|Any CPU.Build.0 = Debug|Any CPU
		{34F130F9-B9B9-41E0-9E26-BFED6B641BD1}.Release|Any CPU.ActiveCfg = Release|Any CPU
		{34F130F9-B9B9-41E0-9E26-BFED6B641BD1}.Release|Any CPU.Build.0 = Release|Any CPU
		{F6E8145E-9333-43DD-B55E-4E4938C0B4D9}.Debug|Any CPU.ActiveCfg = Debug|Any CPU
		{F6E8145E-9333-43DD-B55E-4E4938C0B4D9}.Debug|Any CPU.Build.0 = Debug|Any CPU
		{F6E8145E-9333-43DD-B55E-4E4938C0B4D9}.Release|Any CPU.ActiveCfg = Release|Any CPU
		{F6E8145E-9333-43DD-B55E-4E4938C0B4D9}.Release|Any CPU.Build.0 = Release|Any CPU
	EndGlobalSection
	GlobalSection(NestedProjects) = preSolution
		{9E0B4D94-CE05-4C22-BB15-3D7A6C00678A} = {41BDB3E4-408F-4CD1-A8F6-E06A081FDAFD}
		{41B44B3A-3A11-4460-9ED3-E13290739889} = {41BDB3E4-408F-4CD1-A8F6-E06A081FDAFD}
		{8FBF3CC1-E358-4399-AF3C-B2078C001B5D} = {41BDB3E4-408F-4CD1-A8F6-E06A081FDAFD}
		{A0FF01DE-B6FF-4508-9D7F-B17183AD16E2} = {41BDB3E4-408F-4CD1-A8F6-E06A081FDAFD}
		{E274E237-4E28-49C1-A2EC-4541046CFD42} = {41BDB3E4-408F-4CD1-A8F6-E06A081FDAFD}
		{56960078-A895-47FF-9450-70EA7FF97EC6} = {AE0D0919-A0A8-49CB-B9C8-606FD7D98001}
		{9DB90778-ECE5-4DA3-8220-36239B43073C} = {AE0D0919-A0A8-49CB-B9C8-606FD7D98001}
		{F4611813-C9E5-4B19-9BD1-8F4D099CD430} = {AE0D0919-A0A8-49CB-B9C8-606FD7D98001}
		{34F130F9-B9B9-41E0-9E26-BFED6B641BD1} = {AE0D0919-A0A8-49CB-B9C8-606FD7D98001}
		{F6E8145E-9333-43DD-B55E-4E4938C0B4D9} = {AE0D0919-A0A8-49CB-B9C8-606FD7D98001}
	EndGlobalSection
EndGlobal
